// !$*UTF8*$!
{
	archiveVersion = 1;
	classes = {
	};
	objectVersion = 50;
	objects = {

/* Begin PBXBuildFile section */
		40697AF323F176B200B3C75C /* AppDelegate.swift in Sources */ = {isa = PBXBuildFile; fileRef = 40697AF223F176B200B3C75C /* AppDelegate.swift */; };
		40697AF523F176B200B3C75C /* SceneDelegate.swift in Sources */ = {isa = PBXBuildFile; fileRef = 40697AF423F176B200B3C75C /* SceneDelegate.swift */; };
		40697AF723F176B200B3C75C /* ViewController.swift in Sources */ = {isa = PBXBuildFile; fileRef = 40697AF623F176B200B3C75C /* ViewController.swift */; };
		40697AFA23F176B200B3C75C /* Main.storyboard in Resources */ = {isa = PBXBuildFile; fileRef = 40697AF823F176B200B3C75C /* Main.storyboard */; };
		40697AFC23F176B400B3C75C /* Assets.xcassets in Resources */ = {isa = PBXBuildFile; fileRef = 40697AFB23F176B400B3C75C /* Assets.xcassets */; };
		40697AFF23F176B400B3C75C /* LaunchScreen.storyboard in Resources */ = {isa = PBXBuildFile; fileRef = 40697AFD23F176B400B3C75C /* LaunchScreen.storyboard */; };
/* End PBXBuildFile section */

/* Begin PBXFileReference section */
		40697AEF23F176B200B3C75C /* DrawGraphicsMission.app */ = {isa = PBXFileReference; explicitFileType = wrapper.application; includeInIndex = 0; path = DrawGraphicsMission.app; sourceTree = BUILT_PRODUCTS_DIR; };
		40697AF223F176B200B3C75C /* AppDelegate.swift */ = {isa = PBXFileReference; lastKnownFileType = sourcecode.swift; path = AppDelegate.swift; sourceTree = "<group>"; };
		40697AF423F176B200B3C75C /* SceneDelegate.swift */ = {isa = PBXFileReference; lastKnownFileType = sourcecode.swift; path = SceneDelegate.swift; sourceTree = "<group>"; };
		40697AF623F176B200B3C75C /* ViewController.swift */ = {isa = PBXFileReference; lastKnownFileType = sourcecode.swift; path = ViewController.swift; sourceTree = "<group>"; };
		40697AF923F176B200B3C75C /* Base */ = {isa = PBXFileReference; lastKnownFileType = file.storyboard; name = Base; path = Base.lproj/Main.storyboard; sourceTree = "<group>"; };
		40697AFB23F176B400B3C75C /* Assets.xcassets */ = {isa = PBXFileReference; lastKnownFileType = folder.assetcatalog; path = Assets.xcassets; sourceTree = "<group>"; };
		40697AFE23F176B400B3C75C /* Base */ = {isa = PBXFileReference; lastKnownFileType = file.storyboard; name = Base; path = Base.lproj/LaunchScreen.storyboard; sourceTree = "<group>"; };
		40697B0023F176B400B3C75C /* Info.plist */ = {isa = PBXFileReference; lastKnownFileType = text.plist.xml; path = Info.plist; sourceTree = "<group>"; };
/* End PBXFileReference section */

/* Begin PBXFrameworksBuildPhase section */
		40697AEC23F176B200B3C75C /* Frameworks */ = {
			isa = PBXFrameworksBuildPhase;
			buildActionMask = 2147483647;
			files = (
			);
			runOnlyForDeploymentPostprocessing = 0;
		};
/* End PBXFrameworksBuildPhase section */

/* Begin PBXGroup section */
		40697AE623F176B200B3C75C = {
			isa = PBXGroup;
			children = (
				40697AF123F176B200B3C75C /* DrawGraphicsMission */,
				40697AF023F176B200B3C75C /* Products */,
			);
			sourceTree = "<group>";
		};
		40697AF023F176B200B3C75C /* Products */ = {
			isa = PBXGroup;
			children = (
				40697AEF23F176B200B3C75C /* DrawGraphicsMission.app */,
			);
			name = Products;
			sourceTree = "<group>";
		};
		40697AF123F176B200B3C75C /* DrawGraphicsMission */ = {
			isa = PBXGroup;
			children = (
				40697AF223F176B200B3C75C /* AppDelegate.swift */,
				40697AF423F176B200B3C75C /* SceneDelegate.swift */,
				40697AF623F176B200B3C75C /* ViewController.swift */,
				40697AF823F176B200B3C75C /* Main.storyboard */,
				40697AFB23F176B400B3C75C /* Assets.xcassets */,
				40697AFD23F176B400B3C75C /* LaunchScreen.storyboard */,
				40697B0023F176B400B3C75C /* Info.plist */,
			);
			path = DrawGraphicsMission;
			sourceTree = "<group>";
		};
/* End PBXGroup section */

/* Begin PBXNativeTarget section */
		40697AEE23F176B200B3C75C /* DrawGraphicsMission */ = {
			isa = PBXNativeTarget;
			buildConfigurationList = 40697B0323F176B400B3C75C /* Build configuration list for PBXNativeTarget "DrawGraphicsMission" */;
			buildPhases = (
				40697AEB23F176B200B3C75C /* Sources */,
				40697AEC23F176B200B3C75C /* Frameworks */,
				40697AED23F176B200B3C75C /* Resources */,
			);
			buildRules = (
			);
			dependencies = (
			);
			name = DrawGraphicsMission;
			productName = DrawGraphicsMission;
			productReference = 40697AEF23F176B200B3C75C /* DrawGraphicsMission.app */;
			productType = "com.apple.product-type.application";
		};
/* End PBXNativeTarget section */

/* Begin PBXProject section */
		40697AE723F176B200B3C75C /* Project object */ = {
			isa = PBXProject;
			attributes = {
				LastSwiftUpdateCheck = 1130;
				LastUpgradeCheck = 1130;
				ORGANIZATIONNAME = "장준혁";
				TargetAttributes = {
					40697AEE23F176B200B3C75C = {
						CreatedOnToolsVersion = 11.3.1;
					};
				};
			};
			buildConfigurationList = 40697AEA23F176B200B3C75C /* Build configuration list for PBXProject "DrawGraphicsMission" */;
			compatibilityVersion = "Xcode 9.3";
			developmentRegion = en;
			hasScannedForEncodings = 0;
			knownRegions = (
				en,
				Base,
			);
			mainGroup = 40697AE623F176B200B3C75C;
			productRefGroup = 40697AF023F176B200B3C75C /* Products */;
			projectDirPath = "";
			projectRoot = "";
			targets = (
				40697AEE23F176B200B3C75C /* DrawGraphicsMission */,
			);
		};
/* End PBXProject section */

/* Begin PBXResourcesBuildPhase section */
		40697AED23F176B200B3C75C /* Resources */ = {
			isa = PBXResourcesBuildPhase;
			buildActionMask = 2147483647;
			files = (
				40697AFF23F176B400B3C75C /* LaunchScreen.storyboard in Resources */,
				40697AFC23F176B400B3C75C /* Assets.xcassets in Resources */,
				40697AFA23F176B200B3C75C /* Main.storyboard in Resources */,
			);
			runOnlyForDeploymentPostprocessing = 0;
		};
/* End PBXResourcesBuildPhase section */

/* Begin PBXSourcesBuildPhase section */
		40697AEB23F176B200B3C75C /* Sources */ = {
			isa = PBXSourcesBuildPhase;
			buildActionMask = 2147483647;
			files = (
				40697AF723F176B200B3C75C /* ViewController.swift in Sources */,
				40697AF323F176B200B3C75C /* AppDelegate.swift in Sources */,
				40697AF523F176B200B3C75C /* SceneDelegate.swift in Sources */,
			);
			runOnlyForDeploymentPostprocessing = 0;
		};
/* End PBXSourcesBuildPhase section */

/* Begin PBXVariantGroup section */
		40697AF823F176B200B3C75C /* Main.storyboard */ = {
			isa = PBXVariantGroup;
			children = (
				40697AF923F176B200B3C75C /* Base */,
			);
			name = Main.storyboard;
			sourceTree = "<group>";
		};
		40697AFD23F176B400B3C75C /* LaunchScreen.storyboard */ = {
			isa = PBXVariantGroup;
			children = (
				40697AFE23F176B400B3C75C /* Base */,
			);
			name = LaunchScreen.storyboard;
			sourceTree = "<group>";
		};
/* End PBXVariantGroup section */

/* Begin XCBuildConfiguration section */
		40697B0123F176B400B3C75C /* Debug */ = {
			isa = XCBuildConfiguration;
			buildSettings = {
				ALWAYS_SEARCH_USER_PATHS = NO;
				CLANG_ANALYZER_NONNULL = YES;
				CLANG_ANALYZER_NUMBER_OBJECT_CONVERSION = YES_AGGRESSIVE;
				CLANG_CXX_LANGUAGE_STANDARD = "gnu++14";
				CLANG_CXX_LIBRARY = "libc++";
				CLANG_ENABLE_MODULES = YES;
				CLANG_ENABLE_OBJC_ARC = YES;
				CLANG_ENABLE_OBJC_WEAK = YES;
				CLANG_WARN_BLOCK_CAPTURE_AUTORELEASING = YES;
				CLANG_WARN_BOOL_CONVERSION = YES;
				CLANG_WARN_COMMA = YES;
				CLANG_WARN_CONSTANT_CONVERSION = YES;
				CLANG_WARN_DEPRECATED_OBJC_IMPLEMENTATIONS = YES;
				CLANG_WARN_DIRECT_OBJC_ISA_USAGE = YES_ERROR;
				CLANG_WARN_DOCUMENTATION_COMMENTS = YES;
				CLANG_WARN_EMPTY_BODY = YES;
				CLANG_WARN_ENUM_CONVERSION = YES;
				CLANG_WARN_INFINITE_RECURSION = YES;
				CLANG_WARN_INT_CONVERSION = YES;
				CLANG_WARN_NON_LITERAL_NULL_CONVERSION = YES;
				CLANG_WARN_OBJC_IMPLICIT_RETAIN_SELF = YES;
				CLANG_WARN_OBJC_LITERAL_CONVERSION = YES;
				CLANG_WARN_OBJC_ROOT_CLASS = YES_ERROR;
				CLANG_WARN_RANGE_LOOP_ANALYSIS = YES;
				CLANG_WARN_STRICT_PROTOTYPES = YES;
				CLANG_WARN_SUSPICIOUS_MOVE = YES;
				CLANG_WARN_UNGUARDED_AVAILABILITY = YES_AGGRESSIVE;
				CLANG_WARN_UNREACHABLE_CODE = YES;
				CLANG_WARN__DUPLICATE_METHOD_MATCH = YES;
				COPY_PHASE_STRIP = NO;
				DEBUG_INFORMATION_FORMAT = dwarf;
				ENABLE_STRICT_OBJC_MSGSEND = YES;
				ENABLE_TESTABILITY = YES;
				GCC_C_LANGUAGE_STANDARD = gnu11;
				GCC_DYNAMIC_NO_PIC = NO;
				GCC_NO_COMMON_BLOCKS = YES;
				GCC_OPTIMIZATION_LEVEL = 0;
				GCC_PREPROCESSOR_DEFINITIONS = (
					"DEBUG=1",
					"$(inherited)",
				);
				GCC_WARN_64_TO_32_BIT_CONVERSION = YES;
				GCC_WARN_ABOUT_RETURN_TYPE = YES_ERROR;
				GCC_WARN_UNDECLARED_SELECTOR = YES;
				GCC_WARN_UNINITIALIZED_AUTOS = YES_AGGRESSIVE;
				GCC_WARN_UNUSED_FUNCTION = YES;
				GCC_WARN_UNUSED_VARIABLE = YES;
				IPHONEOS_DEPLOYMENT_TARGET = 13.2;
				MTL_ENABLE_DEBUG_INFO = INCLUDE_SOURCE;
				MTL_FAST_MATH = YES;
				ONLY_ACTIVE_ARCH = YES;
				SDKROOT = iphoneos;
				SWIFT_ACTIVE_COMPILATION_CONDITIONS = DEBUG;
				SWIFT_OPTIMIZATION_LEVEL = "-Onone";
			};
			name = Debug;
		};
		40697B0223F176B400B3C75C /* Release */ = {
			isa = XCBuildConfiguration;
			buildSettings = {
				ALWAYS_SEARCH_USER_PATHS = NO;
				CLANG_ANALYZER_NONNULL = YES;
				CLANG_ANALYZER_NUMBER_OBJECT_CONVERSION = YES_AGGRESSIVE;
				CLANG_CXX_LANGUAGE_STANDARD = "gnu++14";
				CLANG_CXX_LIBRARY = "libc++";
				CLANG_ENABLE_MODULES = YES;
				CLANG_ENABLE_OBJC_ARC = YES;
				CLANG_ENABLE_OBJC_WEAK = YES;
				CLANG_WARN_BLOCK_CAPTURE_AUTORELEASING = YES;
				CLANG_WARN_BOOL_CONVERSION = YES;
				CLANG_WARN_COMMA = YES;
				CLANG_WARN_CONSTANT_CONVERSION = YES;
				CLANG_WARN_DEPRECATED_OBJC_IMPLEMENTATIONS = YES;
				CLANG_WARN_DIRECT_OBJC_ISA_USAGE = YES_ERROR;
				CLANG_WARN_DOCUMENTATION_COMMENTS = YES;
				CLANG_WARN_EMPTY_BODY = YES;
				CLANG_WARN_ENUM_CONVERSION = YES;
				CLANG_WARN_INFINITE_RECURSION = YES;
				CLANG_WARN_INT_CONVERSION = YES;
				CLANG_WARN_NON_LITERAL_NULL_CONVERSION = YES;
				CLANG_WARN_OBJC_IMPLICIT_RETAIN_SELF = YES;
				CLANG_WARN_OBJC_LITERAL_CONVERSION = YES;
				CLANG_WARN_OBJC_ROOT_CLASS = YES_ERROR;
				CLANG_WARN_RANGE_LOOP_ANALYSIS = YES;
				CLANG_WARN_STRICT_PROTOTYPES = YES;
				CLANG_WARN_SUSPICIOUS_MOVE = YES;
				CLANG_WARN_UNGUARDED_AVAILABILITY = YES_AGGRESSIVE;
				CLANG_WARN_UNREACHABLE_CODE = YES;
				CLANG_WARN__DUPLICATE_METHOD_MATCH = YES;
				COPY_PHASE_STRIP = NO;
				DEBUG_INFORMATION_FORMAT = "dwarf-with-dsym";
				ENABLE_NS_ASSERTIONS = NO;
				ENABLE_STRICT_OBJC_MSGSEND = YES;
				GCC_C_LANGUAGE_STANDARD = gnu11;
				GCC_NO_COMMON_BLOCKS = YES;
				GCC_WARN_64_TO_32_BIT_CONVERSION = YES;
				GCC_WARN_ABOUT_RETURN_TYPE = YES_ERROR;
				GCC_WARN_UNDECLARED_SELECTOR = YES;
				GCC_WARN_UNINITIALIZED_AUTOS = YES_AGGRESSIVE;
				GCC_WARN_UNUSED_FUNCTION = YES;
				GCC_WARN_UNUSED_VARIABLE = YES;
				IPHONEOS_DEPLOYMENT_TARGET = 13.2;
				MTL_ENABLE_DEBUG_INFO = NO;
				MTL_FAST_MATH = YES;
				SDKROOT = iphoneos;
				SWIFT_COMPILATION_MODE = wholemodule;
				SWIFT_OPTIMIZATION_LEVEL = "-O";
				VALIDATE_PRODUCT = YES;
			};
			name = Release;
		};
		40697B0423F176B400B3C75C /* Debug */ = {
			isa = XCBuildConfiguration;
			buildSettings = {
				ASSETCATALOG_COMPILER_APPICON_NAME = AppIcon;
				CODE_SIGN_STYLE = Automatic;
				INFOPLIST_FILE = DrawGraphicsMission/Info.plist;
				LD_RUNPATH_SEARCH_PATHS = (
					"$(inherited)",
					"@executable_path/Frameworks",
				);
				PRODUCT_BUNDLE_IDENTIFIER = com.jjh.DrawGraphicsMission;
				PRODUCT_NAME = "$(TARGET_NAME)";
				SWIFT_VERSION = 5.0;
				TARGETED_DEVICE_FAMILY = "1,2";
			};
			name = Debug;
		};
		40697B0523F176B400B3C75C /* Release */ = {
			isa = XCBuildConfiguration;
			buildSettings = {
				ASSETCATALOG_COMPILER_APPICON_NAME = AppIcon;
				CODE_SIGN_STYLE = Automatic;
				INFOPLIST_FILE = DrawGraphicsMission/Info.plist;
				LD_RUNPATH_SEARCH_PATHS = (
					"$(inherited)",
					"@executable_path/Frameworks",
				);
				PRODUCT_BUNDLE_IDENTIFIER = com.jjh.DrawGraphicsMission;
				PRODUCT_NAME = "$(TARGET_NAME)";
				SWIFT_VERSION = 5.0;
				TARGETED_DEVICE_FAMILY = "1,2";
			};
			name = Release;
		};
/* End XCBuildConfiguration section */

/* Begin XCConfigurationList section */
		40697AEA23F176B200B3C75C /* Build configuration list for PBXProject "DrawGraphicsMission" */ = {
			isa = XCConfigurationList;
			buildConfigurations = (
				40697B0123F176B400B3C75C /* Debug */,
				40697B0223F176B400B3C75C /* Release */,
			);
			defaultConfigurationIsVisible = 0;
			defaultConfigurationName = Release;
		};
		40697B0323F176B400B3C75C /* Build configuration list for PBXNativeTarget "DrawGraphicsMission" */ = {
			isa = XCConfigurationList;
			buildConfigurations = (
				40697B0423F176B400B3C75C /* Debug */,
				40697B0523F176B400B3C75C /* Release */,
			);
			defaultConfigurationIsVisible = 0;
			defaultConfigurationName = Release;
		};
/* End XCConfigurationList section */
	};
	rootObject = 40697AE723F176B200B3C75C /* Project object */;
}
