// !$*UTF8*$!
{
	archiveVersion = 1;
	classes = {
	};
	objectVersion = 50;
	objects = {

/* Begin PBXBuildFile section */
		40F31B5923BE0BA500DD628B /* AppDelegate.swift in Sources */ = {isa = PBXBuildFile; fileRef = 40F31B5823BE0BA500DD628B /* AppDelegate.swift */; };
		40F31B5B23BE0BA500DD628B /* SceneDelegate.swift in Sources */ = {isa = PBXBuildFile; fileRef = 40F31B5A23BE0BA500DD628B /* SceneDelegate.swift */; };
		40F31B5D23BE0BA500DD628B /* ViewController.swift in Sources */ = {isa = PBXBuildFile; fileRef = 40F31B5C23BE0BA500DD628B /* ViewController.swift */; };
		40F31B6023BE0BA500DD628B /* Main.storyboard in Resources */ = {isa = PBXBuildFile; fileRef = 40F31B5E23BE0BA500DD628B /* Main.storyboard */; };
		40F31B6223BE0BA600DD628B /* Assets.xcassets in Resources */ = {isa = PBXBuildFile; fileRef = 40F31B6123BE0BA600DD628B /* Assets.xcassets */; };
		40F31B6523BE0BA600DD628B /* LaunchScreen.storyboard in Resources */ = {isa = PBXBuildFile; fileRef = 40F31B6323BE0BA600DD628B /* LaunchScreen.storyboard */; };
		40F31B6E23BE0D6D00DD628B /* lamp_on.png in Resources */ = {isa = PBXBuildFile; fileRef = 40F31B6C23BE0D6C00DD628B /* lamp_on.png */; };
		40F31B6F23BE0D6D00DD628B /* lamp_off.png in Resources */ = {isa = PBXBuildFile; fileRef = 40F31B6D23BE0D6D00DD628B /* lamp_off.png */; };
/* End PBXBuildFile section */

/* Begin PBXFileReference section */
		40F31B5523BE0BA500DD628B /* ImageView.app */ = {isa = PBXFileReference; explicitFileType = wrapper.application; includeInIndex = 0; path = ImageView.app; sourceTree = BUILT_PRODUCTS_DIR; };
		40F31B5823BE0BA500DD628B /* AppDelegate.swift */ = {isa = PBXFileReference; lastKnownFileType = sourcecode.swift; path = AppDelegate.swift; sourceTree = "<group>"; };
		40F31B5A23BE0BA500DD628B /* SceneDelegate.swift */ = {isa = PBXFileReference; lastKnownFileType = sourcecode.swift; path = SceneDelegate.swift; sourceTree = "<group>"; };
		40F31B5C23BE0BA500DD628B /* ViewController.swift */ = {isa = PBXFileReference; lastKnownFileType = sourcecode.swift; path = ViewController.swift; sourceTree = "<group>"; };
		40F31B5F23BE0BA500DD628B /* Base */ = {isa = PBXFileReference; lastKnownFileType = file.storyboard; name = Base; path = Base.lproj/Main.storyboard; sourceTree = "<group>"; };
		40F31B6123BE0BA600DD628B /* Assets.xcassets */ = {isa = PBXFileReference; lastKnownFileType = folder.assetcatalog; path = Assets.xcassets; sourceTree = "<group>"; };
		40F31B6423BE0BA600DD628B /* Base */ = {isa = PBXFileReference; lastKnownFileType = file.storyboard; name = Base; path = Base.lproj/LaunchScreen.storyboard; sourceTree = "<group>"; };
		40F31B6623BE0BA600DD628B /* Info.plist */ = {isa = PBXFileReference; lastKnownFileType = text.plist.xml; path = Info.plist; sourceTree = "<group>"; };
		40F31B6C23BE0D6C00DD628B /* lamp_on.png */ = {isa = PBXFileReference; lastKnownFileType = image.png; path = lamp_on.png; sourceTree = "<group>"; };
		40F31B6D23BE0D6D00DD628B /* lamp_off.png */ = {isa = PBXFileReference; lastKnownFileType = image.png; path = lamp_off.png; sourceTree = "<group>"; };
/* End PBXFileReference section */

/* Begin PBXFrameworksBuildPhase section */
		40F31B5223BE0BA500DD628B /* Frameworks */ = {
			isa = PBXFrameworksBuildPhase;
			buildActionMask = 2147483647;
			files = (
			);
			runOnlyForDeploymentPostprocessing = 0;
		};
/* End PBXFrameworksBuildPhase section */

/* Begin PBXGroup section */
		40F31B4C23BE0BA500DD628B = {
			isa = PBXGroup;
			children = (
				40F31B5723BE0BA500DD628B /* ImageView */,
				40F31B5623BE0BA500DD628B /* Products */,
			);
			sourceTree = "<group>";
		};
		40F31B5623BE0BA500DD628B /* Products */ = {
			isa = PBXGroup;
			children = (
				40F31B5523BE0BA500DD628B /* ImageView.app */,
			);
			name = Products;
			sourceTree = "<group>";
		};
		40F31B5723BE0BA500DD628B /* ImageView */ = {
			isa = PBXGroup;
			children = (
				40F31B6D23BE0D6D00DD628B /* lamp_off.png */,
				40F31B6C23BE0D6C00DD628B /* lamp_on.png */,
				40F31B5823BE0BA500DD628B /* AppDelegate.swift */,
				40F31B5A23BE0BA500DD628B /* SceneDelegate.swift */,
				40F31B5C23BE0BA500DD628B /* ViewController.swift */,
				40F31B5E23BE0BA500DD628B /* Main.storyboard */,
				40F31B6123BE0BA600DD628B /* Assets.xcassets */,
				40F31B6323BE0BA600DD628B /* LaunchScreen.storyboard */,
				40F31B6623BE0BA600DD628B /* Info.plist */,
			);
			path = ImageView;
			sourceTree = "<group>";
		};
/* End PBXGroup section */

/* Begin PBXNativeTarget section */
		40F31B5423BE0BA500DD628B /* ImageView */ = {
			isa = PBXNativeTarget;
			buildConfigurationList = 40F31B6923BE0BA600DD628B /* Build configuration list for PBXNativeTarget "ImageView" */;
			buildPhases = (
				40F31B5123BE0BA500DD628B /* Sources */,
				40F31B5223BE0BA500DD628B /* Frameworks */,
				40F31B5323BE0BA500DD628B /* Resources */,
			);
			buildRules = (
			);
			dependencies = (
			);
			name = ImageView;
			productName = ImageView;
			productReference = 40F31B5523BE0BA500DD628B /* ImageView.app */;
			productType = "com.apple.product-type.application";
		};
/* End PBXNativeTarget section */

/* Begin PBXProject section */
		40F31B4D23BE0BA500DD628B /* Project object */ = {
			isa = PBXProject;
			attributes = {
				LastSwiftUpdateCheck = 1130;
				LastUpgradeCheck = 1130;
				ORGANIZATIONNAME = "장준혁";
				TargetAttributes = {
					40F31B5423BE0BA500DD628B = {
						CreatedOnToolsVersion = 11.3;
					};
				};
			};
			buildConfigurationList = 40F31B5023BE0BA500DD628B /* Build configuration list for PBXProject "ImageView" */;
			compatibilityVersion = "Xcode 9.3";
			developmentRegion = en;
			hasScannedForEncodings = 0;
			knownRegions = (
				en,
				Base,
			);
			mainGroup = 40F31B4C23BE0BA500DD628B;
			productRefGroup = 40F31B5623BE0BA500DD628B /* Products */;
			projectDirPath = "";
			projectRoot = "";
			targets = (
				40F31B5423BE0BA500DD628B /* ImageView */,
			);
		};
/* End PBXProject section */

/* Begin PBXResourcesBuildPhase section */
		40F31B5323BE0BA500DD628B /* Resources */ = {
			isa = PBXResourcesBuildPhase;
			buildActionMask = 2147483647;
			files = (
				40F31B6E23BE0D6D00DD628B /* lamp_on.png in Resources */,
				40F31B6523BE0BA600DD628B /* LaunchScreen.storyboard in Resources */,
				40F31B6F23BE0D6D00DD628B /* lamp_off.png in Resources */,
				40F31B6223BE0BA600DD628B /* Assets.xcassets in Resources */,
				40F31B6023BE0BA500DD628B /* Main.storyboard in Resources */,
			);
			runOnlyForDeploymentPostprocessing = 0;
		};
/* End PBXResourcesBuildPhase section */

/* Begin PBXSourcesBuildPhase section */
		40F31B5123BE0BA500DD628B /* Sources */ = {
			isa = PBXSourcesBuildPhase;
			buildActionMask = 2147483647;
			files = (
				40F31B5D23BE0BA500DD628B /* ViewController.swift in Sources */,
				40F31B5923BE0BA500DD628B /* AppDelegate.swift in Sources */,
				40F31B5B23BE0BA500DD628B /* SceneDelegate.swift in Sources */,
			);
			runOnlyForDeploymentPostprocessing = 0;
		};
/* End PBXSourcesBuildPhase section */

/* Begin PBXVariantGroup section */
		40F31B5E23BE0BA500DD628B /* Main.storyboard */ = {
			isa = PBXVariantGroup;
			children = (
				40F31B5F23BE0BA500DD628B /* Base */,
			);
			name = Main.storyboard;
			sourceTree = "<group>";
		};
		40F31B6323BE0BA600DD628B /* LaunchScreen.storyboard */ = {
			isa = PBXVariantGroup;
			children = (
				40F31B6423BE0BA600DD628B /* Base */,
			);
			name = LaunchScreen.storyboard;
			sourceTree = "<group>";
		};
/* End PBXVariantGroup section */

/* Begin XCBuildConfiguration section */
		40F31B6723BE0BA600DD628B /* Debug */ = {
			isa = XCBuildConfiguration;
			buildSettings = {
				ALWAYS_SEARCH_USER_PATHS = NO;
				CLANG_ANALYZER_NONNULL = YES;
				CLANG_ANALYZER_NUMBER_OBJECT_CONVERSION = YES_AGGRESSIVE;
				CLANG_CXX_LANGUAGE_STANDARD = "gnu++14";
				CLANG_CXX_LIBRARY = "libc++";
				CLANG_ENABLE_MODULES = YES;
				CLANG_ENABLE_OBJC_ARC = YES;
				CLANG_ENABLE_OBJC_WEAK = YES;
				CLANG_WARN_BLOCK_CAPTURE_AUTORELEASING = YES;
				CLANG_WARN_BOOL_CONVERSION = YES;
				CLANG_WARN_COMMA = YES;
				CLANG_WARN_CONSTANT_CONVERSION = YES;
				CLANG_WARN_DEPRECATED_OBJC_IMPLEMENTATIONS = YES;
				CLANG_WARN_DIRECT_OBJC_ISA_USAGE = YES_ERROR;
				CLANG_WARN_DOCUMENTATION_COMMENTS = YES;
				CLANG_WARN_EMPTY_BODY = YES;
				CLANG_WARN_ENUM_CONVERSION = YES;
				CLANG_WARN_INFINITE_RECURSION = YES;
				CLANG_WARN_INT_CONVERSION = YES;
				CLANG_WARN_NON_LITERAL_NULL_CONVERSION = YES;
				CLANG_WARN_OBJC_IMPLICIT_RETAIN_SELF = YES;
				CLANG_WARN_OBJC_LITERAL_CONVERSION = YES;
				CLANG_WARN_OBJC_ROOT_CLASS = YES_ERROR;
				CLANG_WARN_RANGE_LOOP_ANALYSIS = YES;
				CLANG_WARN_STRICT_PROTOTYPES = YES;
				CLANG_WARN_SUSPICIOUS_MOVE = YES;
				CLANG_WARN_UNGUARDED_AVAILABILITY = YES_AGGRESSIVE;
				CLANG_WARN_UNREACHABLE_CODE = YES;
				CLANG_WARN__DUPLICATE_METHOD_MATCH = YES;
				COPY_PHASE_STRIP = NO;
				DEBUG_INFORMATION_FORMAT = dwarf;
				ENABLE_STRICT_OBJC_MSGSEND = YES;
				ENABLE_TESTABILITY = YES;
				GCC_C_LANGUAGE_STANDARD = gnu11;
				GCC_DYNAMIC_NO_PIC = NO;
				GCC_NO_COMMON_BLOCKS = YES;
				GCC_OPTIMIZATION_LEVEL = 0;
				GCC_PREPROCESSOR_DEFINITIONS = (
					"DEBUG=1",
					"$(inherited)",
				);
				GCC_WARN_64_TO_32_BIT_CONVERSION = YES;
				GCC_WARN_ABOUT_RETURN_TYPE = YES_ERROR;
				GCC_WARN_UNDECLARED_SELECTOR = YES;
				GCC_WARN_UNINITIALIZED_AUTOS = YES_AGGRESSIVE;
				GCC_WARN_UNUSED_FUNCTION = YES;
				GCC_WARN_UNUSED_VARIABLE = YES;
				IPHONEOS_DEPLOYMENT_TARGET = 13.2;
				MTL_ENABLE_DEBUG_INFO = INCLUDE_SOURCE;
				MTL_FAST_MATH = YES;
				ONLY_ACTIVE_ARCH = YES;
				SDKROOT = iphoneos;
				SWIFT_ACTIVE_COMPILATION_CONDITIONS = DEBUG;
				SWIFT_OPTIMIZATION_LEVEL = "-Onone";
			};
			name = Debug;
		};
		40F31B6823BE0BA600DD628B /* Release */ = {
			isa = XCBuildConfiguration;
			buildSettings = {
				ALWAYS_SEARCH_USER_PATHS = NO;
				CLANG_ANALYZER_NONNULL = YES;
				CLANG_ANALYZER_NUMBER_OBJECT_CONVERSION = YES_AGGRESSIVE;
				CLANG_CXX_LANGUAGE_STANDARD = "gnu++14";
				CLANG_CXX_LIBRARY = "libc++";
				CLANG_ENABLE_MODULES = YES;
				CLANG_ENABLE_OBJC_ARC = YES;
				CLANG_ENABLE_OBJC_WEAK = YES;
				CLANG_WARN_BLOCK_CAPTURE_AUTORELEASING = YES;
				CLANG_WARN_BOOL_CONVERSION = YES;
				CLANG_WARN_COMMA = YES;
				CLANG_WARN_CONSTANT_CONVERSION = YES;
				CLANG_WARN_DEPRECATED_OBJC_IMPLEMENTATIONS = YES;
				CLANG_WARN_DIRECT_OBJC_ISA_USAGE = YES_ERROR;
				CLANG_WARN_DOCUMENTATION_COMMENTS = YES;
				CLANG_WARN_EMPTY_BODY = YES;
				CLANG_WARN_ENUM_CONVERSION = YES;
				CLANG_WARN_INFINITE_RECURSION = YES;
				CLANG_WARN_INT_CONVERSION = YES;
				CLANG_WARN_NON_LITERAL_NULL_CONVERSION = YES;
				CLANG_WARN_OBJC_IMPLICIT_RETAIN_SELF = YES;
				CLANG_WARN_OBJC_LITERAL_CONVERSION = YES;
				CLANG_WARN_OBJC_ROOT_CLASS = YES_ERROR;
				CLANG_WARN_RANGE_LOOP_ANALYSIS = YES;
				CLANG_WARN_STRICT_PROTOTYPES = YES;
				CLANG_WARN_SUSPICIOUS_MOVE = YES;
				CLANG_WARN_UNGUARDED_AVAILABILITY = YES_AGGRESSIVE;
				CLANG_WARN_UNREACHABLE_CODE = YES;
				CLANG_WARN__DUPLICATE_METHOD_MATCH = YES;
				COPY_PHASE_STRIP = NO;
				DEBUG_INFORMATION_FORMAT = "dwarf-with-dsym";
				ENABLE_NS_ASSERTIONS = NO;
				ENABLE_STRICT_OBJC_MSGSEND = YES;
				GCC_C_LANGUAGE_STANDARD = gnu11;
				GCC_NO_COMMON_BLOCKS = YES;
				GCC_WARN_64_TO_32_BIT_CONVERSION = YES;
				GCC_WARN_ABOUT_RETURN_TYPE = YES_ERROR;
				GCC_WARN_UNDECLARED_SELECTOR = YES;
				GCC_WARN_UNINITIALIZED_AUTOS = YES_AGGRESSIVE;
				GCC_WARN_UNUSED_FUNCTION = YES;
				GCC_WARN_UNUSED_VARIABLE = YES;
				IPHONEOS_DEPLOYMENT_TARGET = 13.2;
				MTL_ENABLE_DEBUG_INFO = NO;
				MTL_FAST_MATH = YES;
				SDKROOT = iphoneos;
				SWIFT_COMPILATION_MODE = wholemodule;
				SWIFT_OPTIMIZATION_LEVEL = "-O";
				VALIDATE_PRODUCT = YES;
			};
			name = Release;
		};
		40F31B6A23BE0BA600DD628B /* Debug */ = {
			isa = XCBuildConfiguration;
			buildSettings = {
				ASSETCATALOG_COMPILER_APPICON_NAME = AppIcon;
				CODE_SIGN_STYLE = Automatic;
				INFOPLIST_FILE = ImageView/Info.plist;
				LD_RUNPATH_SEARCH_PATHS = (
					"$(inherited)",
					"@executable_path/Frameworks",
				);
				PRODUCT_BUNDLE_IDENTIFIER = com.jjh.ImageView;
				PRODUCT_NAME = "$(TARGET_NAME)";
				SWIFT_VERSION = 5.0;
				TARGETED_DEVICE_FAMILY = "1,2";
			};
			name = Debug;
		};
		40F31B6B23BE0BA600DD628B /* Release */ = {
			isa = XCBuildConfiguration;
			buildSettings = {
				ASSETCATALOG_COMPILER_APPICON_NAME = AppIcon;
				CODE_SIGN_STYLE = Automatic;
				INFOPLIST_FILE = ImageView/Info.plist;
				LD_RUNPATH_SEARCH_PATHS = (
					"$(inherited)",
					"@executable_path/Frameworks",
				);
				PRODUCT_BUNDLE_IDENTIFIER = com.jjh.ImageView;
				PRODUCT_NAME = "$(TARGET_NAME)";
				SWIFT_VERSION = 5.0;
				TARGETED_DEVICE_FAMILY = "1,2";
			};
			name = Release;
		};
/* End XCBuildConfiguration section */

/* Begin XCConfigurationList section */
		40F31B5023BE0BA500DD628B /* Build configuration list for PBXProject "ImageView" */ = {
			isa = XCConfigurationList;
			buildConfigurations = (
				40F31B6723BE0BA600DD628B /* Debug */,
				40F31B6823BE0BA600DD628B /* Release */,
			);
			defaultConfigurationIsVisible = 0;
			defaultConfigurationName = Release;
		};
		40F31B6923BE0BA600DD628B /* Build configuration list for PBXNativeTarget "ImageView" */ = {
			isa = XCConfigurationList;
			buildConfigurations = (
				40F31B6A23BE0BA600DD628B /* Debug */,
				40F31B6B23BE0BA600DD628B /* Release */,
			);
			defaultConfigurationIsVisible = 0;
			defaultConfigurationName = Release;
		};
/* End XCConfigurationList section */
	};
	rootObject = 40F31B4D23BE0BA500DD628B /* Project object */;
}
