// !$*UTF8*$!
{
	archiveVersion = 1;
	classes = {
	};
	objectVersion = 50;
	objects = {

/* Begin PBXBuildFile section */
		403D0AF623CDDEF50053A3DD /* AppDelegate.swift in Sources */ = {isa = PBXBuildFile; fileRef = 403D0AF523CDDEF50053A3DD /* AppDelegate.swift */; };
		403D0AF823CDDEF50053A3DD /* SceneDelegate.swift in Sources */ = {isa = PBXBuildFile; fileRef = 403D0AF723CDDEF50053A3DD /* SceneDelegate.swift */; };
		403D0AFA23CDDEF50053A3DD /* ViewController.swift in Sources */ = {isa = PBXBuildFile; fileRef = 403D0AF923CDDEF50053A3DD /* ViewController.swift */; };
		403D0AFD23CDDEF50053A3DD /* Main.storyboard in Resources */ = {isa = PBXBuildFile; fileRef = 403D0AFB23CDDEF50053A3DD /* Main.storyboard */; };
		403D0AFF23CDDEF70053A3DD /* Assets.xcassets in Resources */ = {isa = PBXBuildFile; fileRef = 403D0AFE23CDDEF70053A3DD /* Assets.xcassets */; };
		403D0B0223CDDEF70053A3DD /* LaunchScreen.storyboard in Resources */ = {isa = PBXBuildFile; fileRef = 403D0B0023CDDEF70053A3DD /* LaunchScreen.storyboard */; };
		403D0B0A23CDF0010053A3DD /* Sicilian_Breeze.mp3 in Resources */ = {isa = PBXBuildFile; fileRef = 403D0B0923CDF0000053A3DD /* Sicilian_Breeze.mp3 */; };
/* End PBXBuildFile section */

/* Begin PBXFileReference section */
		403D0AF223CDDEF50053A3DD /* Audio_AVAudioPlayer.app */ = {isa = PBXFileReference; explicitFileType = wrapper.application; includeInIndex = 0; path = Audio_AVAudioPlayer.app; sourceTree = BUILT_PRODUCTS_DIR; };
		403D0AF523CDDEF50053A3DD /* AppDelegate.swift */ = {isa = PBXFileReference; lastKnownFileType = sourcecode.swift; path = AppDelegate.swift; sourceTree = "<group>"; };
		403D0AF723CDDEF50053A3DD /* SceneDelegate.swift */ = {isa = PBXFileReference; lastKnownFileType = sourcecode.swift; path = SceneDelegate.swift; sourceTree = "<group>"; };
		403D0AF923CDDEF50053A3DD /* ViewController.swift */ = {isa = PBXFileReference; lastKnownFileType = sourcecode.swift; path = ViewController.swift; sourceTree = "<group>"; };
		403D0AFC23CDDEF50053A3DD /* Base */ = {isa = PBXFileReference; lastKnownFileType = file.storyboard; name = Base; path = Base.lproj/Main.storyboard; sourceTree = "<group>"; };
		403D0AFE23CDDEF70053A3DD /* Assets.xcassets */ = {isa = PBXFileReference; lastKnownFileType = folder.assetcatalog; path = Assets.xcassets; sourceTree = "<group>"; };
		403D0B0123CDDEF70053A3DD /* Base */ = {isa = PBXFileReference; lastKnownFileType = file.storyboard; name = Base; path = Base.lproj/LaunchScreen.storyboard; sourceTree = "<group>"; };
		403D0B0323CDDEF70053A3DD /* Info.plist */ = {isa = PBXFileReference; lastKnownFileType = text.plist.xml; path = Info.plist; sourceTree = "<group>"; };
		403D0B0923CDF0000053A3DD /* Sicilian_Breeze.mp3 */ = {isa = PBXFileReference; lastKnownFileType = audio.mp3; path = Sicilian_Breeze.mp3; sourceTree = "<group>"; };
/* End PBXFileReference section */

/* Begin PBXFrameworksBuildPhase section */
		403D0AEF23CDDEF50053A3DD /* Frameworks */ = {
			isa = PBXFrameworksBuildPhase;
			buildActionMask = 2147483647;
			files = (
			);
			runOnlyForDeploymentPostprocessing = 0;
		};
/* End PBXFrameworksBuildPhase section */

/* Begin PBXGroup section */
		403D0AE923CDDEF50053A3DD = {
			isa = PBXGroup;
			children = (
				403D0AF423CDDEF50053A3DD /* Audio_AVAudioPlayer */,
				403D0AF323CDDEF50053A3DD /* Products */,
			);
			sourceTree = "<group>";
		};
		403D0AF323CDDEF50053A3DD /* Products */ = {
			isa = PBXGroup;
			children = (
				403D0AF223CDDEF50053A3DD /* Audio_AVAudioPlayer.app */,
			);
			name = Products;
			sourceTree = "<group>";
		};
		403D0AF423CDDEF50053A3DD /* Audio_AVAudioPlayer */ = {
			isa = PBXGroup;
			children = (
				403D0B0923CDF0000053A3DD /* Sicilian_Breeze.mp3 */,
				403D0AF523CDDEF50053A3DD /* AppDelegate.swift */,
				403D0AF723CDDEF50053A3DD /* SceneDelegate.swift */,
				403D0AF923CDDEF50053A3DD /* ViewController.swift */,
				403D0AFB23CDDEF50053A3DD /* Main.storyboard */,
				403D0AFE23CDDEF70053A3DD /* Assets.xcassets */,
				403D0B0023CDDEF70053A3DD /* LaunchScreen.storyboard */,
				403D0B0323CDDEF70053A3DD /* Info.plist */,
			);
			path = Audio_AVAudioPlayer;
			sourceTree = "<group>";
		};
/* End PBXGroup section */

/* Begin PBXNativeTarget section */
		403D0AF123CDDEF50053A3DD /* Audio_AVAudioPlayer */ = {
			isa = PBXNativeTarget;
			buildConfigurationList = 403D0B0623CDDEF70053A3DD /* Build configuration list for PBXNativeTarget "Audio_AVAudioPlayer" */;
			buildPhases = (
				403D0AEE23CDDEF50053A3DD /* Sources */,
				403D0AEF23CDDEF50053A3DD /* Frameworks */,
				403D0AF023CDDEF50053A3DD /* Resources */,
			);
			buildRules = (
			);
			dependencies = (
			);
			name = Audio_AVAudioPlayer;
			productName = Audio_AVAudioPlayer;
			productReference = 403D0AF223CDDEF50053A3DD /* Audio_AVAudioPlayer.app */;
			productType = "com.apple.product-type.application";
		};
/* End PBXNativeTarget section */

/* Begin PBXProject section */
		403D0AEA23CDDEF50053A3DD /* Project object */ = {
			isa = PBXProject;
			attributes = {
				LastSwiftUpdateCheck = 1130;
				LastUpgradeCheck = 1130;
				ORGANIZATIONNAME = "장준혁";
				TargetAttributes = {
					403D0AF123CDDEF50053A3DD = {
						CreatedOnToolsVersion = 11.3.1;
					};
				};
			};
			buildConfigurationList = 403D0AED23CDDEF50053A3DD /* Build configuration list for PBXProject "Audio_AVAudioPlayer" */;
			compatibilityVersion = "Xcode 9.3";
			developmentRegion = en;
			hasScannedForEncodings = 0;
			knownRegions = (
				en,
				Base,
			);
			mainGroup = 403D0AE923CDDEF50053A3DD;
			productRefGroup = 403D0AF323CDDEF50053A3DD /* Products */;
			projectDirPath = "";
			projectRoot = "";
			targets = (
				403D0AF123CDDEF50053A3DD /* Audio_AVAudioPlayer */,
			);
		};
/* End PBXProject section */

/* Begin PBXResourcesBuildPhase section */
		403D0AF023CDDEF50053A3DD /* Resources */ = {
			isa = PBXResourcesBuildPhase;
			buildActionMask = 2147483647;
			files = (
				403D0B0223CDDEF70053A3DD /* LaunchScreen.storyboard in Resources */,
				403D0B0A23CDF0010053A3DD /* Sicilian_Breeze.mp3 in Resources */,
				403D0AFF23CDDEF70053A3DD /* Assets.xcassets in Resources */,
				403D0AFD23CDDEF50053A3DD /* Main.storyboard in Resources */,
			);
			runOnlyForDeploymentPostprocessing = 0;
		};
/* End PBXResourcesBuildPhase section */

/* Begin PBXSourcesBuildPhase section */
		403D0AEE23CDDEF50053A3DD /* Sources */ = {
			isa = PBXSourcesBuildPhase;
			buildActionMask = 2147483647;
			files = (
				403D0AFA23CDDEF50053A3DD /* ViewController.swift in Sources */,
				403D0AF623CDDEF50053A3DD /* AppDelegate.swift in Sources */,
				403D0AF823CDDEF50053A3DD /* SceneDelegate.swift in Sources */,
			);
			runOnlyForDeploymentPostprocessing = 0;
		};
/* End PBXSourcesBuildPhase section */

/* Begin PBXVariantGroup section */
		403D0AFB23CDDEF50053A3DD /* Main.storyboard */ = {
			isa = PBXVariantGroup;
			children = (
				403D0AFC23CDDEF50053A3DD /* Base */,
			);
			name = Main.storyboard;
			sourceTree = "<group>";
		};
		403D0B0023CDDEF70053A3DD /* LaunchScreen.storyboard */ = {
			isa = PBXVariantGroup;
			children = (
				403D0B0123CDDEF70053A3DD /* Base */,
			);
			name = LaunchScreen.storyboard;
			sourceTree = "<group>";
		};
/* End PBXVariantGroup section */

/* Begin XCBuildConfiguration section */
		403D0B0423CDDEF70053A3DD /* Debug */ = {
			isa = XCBuildConfiguration;
			buildSettings = {
				ALWAYS_SEARCH_USER_PATHS = NO;
				CLANG_ANALYZER_NONNULL = YES;
				CLANG_ANALYZER_NUMBER_OBJECT_CONVERSION = YES_AGGRESSIVE;
				CLANG_CXX_LANGUAGE_STANDARD = "gnu++14";
				CLANG_CXX_LIBRARY = "libc++";
				CLANG_ENABLE_MODULES = YES;
				CLANG_ENABLE_OBJC_ARC = YES;
				CLANG_ENABLE_OBJC_WEAK = YES;
				CLANG_WARN_BLOCK_CAPTURE_AUTORELEASING = YES;
				CLANG_WARN_BOOL_CONVERSION = YES;
				CLANG_WARN_COMMA = YES;
				CLANG_WARN_CONSTANT_CONVERSION = YES;
				CLANG_WARN_DEPRECATED_OBJC_IMPLEMENTATIONS = YES;
				CLANG_WARN_DIRECT_OBJC_ISA_USAGE = YES_ERROR;
				CLANG_WARN_DOCUMENTATION_COMMENTS = YES;
				CLANG_WARN_EMPTY_BODY = YES;
				CLANG_WARN_ENUM_CONVERSION = YES;
				CLANG_WARN_INFINITE_RECURSION = YES;
				CLANG_WARN_INT_CONVERSION = YES;
				CLANG_WARN_NON_LITERAL_NULL_CONVERSION = YES;
				CLANG_WARN_OBJC_IMPLICIT_RETAIN_SELF = YES;
				CLANG_WARN_OBJC_LITERAL_CONVERSION = YES;
				CLANG_WARN_OBJC_ROOT_CLASS = YES_ERROR;
				CLANG_WARN_RANGE_LOOP_ANALYSIS = YES;
				CLANG_WARN_STRICT_PROTOTYPES = YES;
				CLANG_WARN_SUSPICIOUS_MOVE = YES;
				CLANG_WARN_UNGUARDED_AVAILABILITY = YES_AGGRESSIVE;
				CLANG_WARN_UNREACHABLE_CODE = YES;
				CLANG_WARN__DUPLICATE_METHOD_MATCH = YES;
				COPY_PHASE_STRIP = NO;
				DEBUG_INFORMATION_FORMAT = dwarf;
				ENABLE_STRICT_OBJC_MSGSEND = YES;
				ENABLE_TESTABILITY = YES;
				GCC_C_LANGUAGE_STANDARD = gnu11;
				GCC_DYNAMIC_NO_PIC = NO;
				GCC_NO_COMMON_BLOCKS = YES;
				GCC_OPTIMIZATION_LEVEL = 0;
				GCC_PREPROCESSOR_DEFINITIONS = (
					"DEBUG=1",
					"$(inherited)",
				);
				GCC_WARN_64_TO_32_BIT_CONVERSION = YES;
				GCC_WARN_ABOUT_RETURN_TYPE = YES_ERROR;
				GCC_WARN_UNDECLARED_SELECTOR = YES;
				GCC_WARN_UNINITIALIZED_AUTOS = YES_AGGRESSIVE;
				GCC_WARN_UNUSED_FUNCTION = YES;
				GCC_WARN_UNUSED_VARIABLE = YES;
				IPHONEOS_DEPLOYMENT_TARGET = 13.2;
				MTL_ENABLE_DEBUG_INFO = INCLUDE_SOURCE;
				MTL_FAST_MATH = YES;
				ONLY_ACTIVE_ARCH = YES;
				SDKROOT = iphoneos;
				SWIFT_ACTIVE_COMPILATION_CONDITIONS = DEBUG;
				SWIFT_OPTIMIZATION_LEVEL = "-Onone";
			};
			name = Debug;
		};
		403D0B0523CDDEF70053A3DD /* Release */ = {
			isa = XCBuildConfiguration;
			buildSettings = {
				ALWAYS_SEARCH_USER_PATHS = NO;
				CLANG_ANALYZER_NONNULL = YES;
				CLANG_ANALYZER_NUMBER_OBJECT_CONVERSION = YES_AGGRESSIVE;
				CLANG_CXX_LANGUAGE_STANDARD = "gnu++14";
				CLANG_CXX_LIBRARY = "libc++";
				CLANG_ENABLE_MODULES = YES;
				CLANG_ENABLE_OBJC_ARC = YES;
				CLANG_ENABLE_OBJC_WEAK = YES;
				CLANG_WARN_BLOCK_CAPTURE_AUTORELEASING = YES;
				CLANG_WARN_BOOL_CONVERSION = YES;
				CLANG_WARN_COMMA = YES;
				CLANG_WARN_CONSTANT_CONVERSION = YES;
				CLANG_WARN_DEPRECATED_OBJC_IMPLEMENTATIONS = YES;
				CLANG_WARN_DIRECT_OBJC_ISA_USAGE = YES_ERROR;
				CLANG_WARN_DOCUMENTATION_COMMENTS = YES;
				CLANG_WARN_EMPTY_BODY = YES;
				CLANG_WARN_ENUM_CONVERSION = YES;
				CLANG_WARN_INFINITE_RECURSION = YES;
				CLANG_WARN_INT_CONVERSION = YES;
				CLANG_WARN_NON_LITERAL_NULL_CONVERSION = YES;
				CLANG_WARN_OBJC_IMPLICIT_RETAIN_SELF = YES;
				CLANG_WARN_OBJC_LITERAL_CONVERSION = YES;
				CLANG_WARN_OBJC_ROOT_CLASS = YES_ERROR;
				CLANG_WARN_RANGE_LOOP_ANALYSIS = YES;
				CLANG_WARN_STRICT_PROTOTYPES = YES;
				CLANG_WARN_SUSPICIOUS_MOVE = YES;
				CLANG_WARN_UNGUARDED_AVAILABILITY = YES_AGGRESSIVE;
				CLANG_WARN_UNREACHABLE_CODE = YES;
				CLANG_WARN__DUPLICATE_METHOD_MATCH = YES;
				COPY_PHASE_STRIP = NO;
				DEBUG_INFORMATION_FORMAT = "dwarf-with-dsym";
				ENABLE_NS_ASSERTIONS = NO;
				ENABLE_STRICT_OBJC_MSGSEND = YES;
				GCC_C_LANGUAGE_STANDARD = gnu11;
				GCC_NO_COMMON_BLOCKS = YES;
				GCC_WARN_64_TO_32_BIT_CONVERSION = YES;
				GCC_WARN_ABOUT_RETURN_TYPE = YES_ERROR;
				GCC_WARN_UNDECLARED_SELECTOR = YES;
				GCC_WARN_UNINITIALIZED_AUTOS = YES_AGGRESSIVE;
				GCC_WARN_UNUSED_FUNCTION = YES;
				GCC_WARN_UNUSED_VARIABLE = YES;
				IPHONEOS_DEPLOYMENT_TARGET = 13.2;
				MTL_ENABLE_DEBUG_INFO = NO;
				MTL_FAST_MATH = YES;
				SDKROOT = iphoneos;
				SWIFT_COMPILATION_MODE = wholemodule;
				SWIFT_OPTIMIZATION_LEVEL = "-O";
				VALIDATE_PRODUCT = YES;
			};
			name = Release;
		};
		403D0B0723CDDEF70053A3DD /* Debug */ = {
			isa = XCBuildConfiguration;
			buildSettings = {
				ASSETCATALOG_COMPILER_APPICON_NAME = AppIcon;
				CODE_SIGN_STYLE = Automatic;
				INFOPLIST_FILE = Audio_AVAudioPlayer/Info.plist;
				LD_RUNPATH_SEARCH_PATHS = (
					"$(inherited)",
					"@executable_path/Frameworks",
				);
				PRODUCT_BUNDLE_IDENTIFIER = "com.jjh.Audio-AVAudioPlayer";
				PRODUCT_NAME = "$(TARGET_NAME)";
				SWIFT_VERSION = 5.0;
				TARGETED_DEVICE_FAMILY = "1,2";
			};
			name = Debug;
		};
		403D0B0823CDDEF70053A3DD /* Release */ = {
			isa = XCBuildConfiguration;
			buildSettings = {
				ASSETCATALOG_COMPILER_APPICON_NAME = AppIcon;
				CODE_SIGN_STYLE = Automatic;
				INFOPLIST_FILE = Audio_AVAudioPlayer/Info.plist;
				LD_RUNPATH_SEARCH_PATHS = (
					"$(inherited)",
					"@executable_path/Frameworks",
				);
				PRODUCT_BUNDLE_IDENTIFIER = "com.jjh.Audio-AVAudioPlayer";
				PRODUCT_NAME = "$(TARGET_NAME)";
				SWIFT_VERSION = 5.0;
				TARGETED_DEVICE_FAMILY = "1,2";
			};
			name = Release;
		};
/* End XCBuildConfiguration section */

/* Begin XCConfigurationList section */
		403D0AED23CDDEF50053A3DD /* Build configuration list for PBXProject "Audio_AVAudioPlayer" */ = {
			isa = XCConfigurationList;
			buildConfigurations = (
				403D0B0423CDDEF70053A3DD /* Debug */,
				403D0B0523CDDEF70053A3DD /* Release */,
			);
			defaultConfigurationIsVisible = 0;
			defaultConfigurationName = Release;
		};
		403D0B0623CDDEF70053A3DD /* Build configuration list for PBXNativeTarget "Audio_AVAudioPlayer" */ = {
			isa = XCConfigurationList;
			buildConfigurations = (
				403D0B0723CDDEF70053A3DD /* Debug */,
				403D0B0823CDDEF70053A3DD /* Release */,
			);
			defaultConfigurationIsVisible = 0;
			defaultConfigurationName = Release;
		};
/* End XCConfigurationList section */
	};
	rootObject = 403D0AEA23CDDEF50053A3DD /* Project object */;
}
